
Microsoft Visual Studio Solution File, Format Version 12.00
# Visual Studio 15
VisualStudioVersion = 15.0.28307.902
MinimumVisualStudioVersion = 10.0.40219.1
Project("{FAE04EC0-301F-11D3-BF4B-00C04F79EFBC}") = "DesignPattern", "DesignPattern\DesignPattern.csproj", "{B24A37EE-B1E9-4FF1-BE4F-021F98C6A95C}"
EndProject
Global
	GlobalSection(SolutionConfigurationPlatforms) = preSolution
		Debug|Any CPU = Debug|Any CPU
		Release|Any CPU = Release|Any CPU
	EndGlobalSection
	GlobalSection(ProjectConfigurationPlatforms) = postSolution
		{B24A37EE-B1E9-4FF1-BE4F-021F98C6A95C}.Debug|Any CPU.ActiveCfg = Debug|Any CPU
		{B24A37EE-B1E9-4FF1-BE4F-021F98C6A95C}.Debug|Any CPU.Build.0 = Debug|Any CPU
		{B24A37EE-B1E9-4FF1-BE4F-021F98C6A95C}.Release|Any CPU.ActiveCfg = Release|Any CPU
		{B24A37EE-B1E9-4FF1-BE4F-021F98C6A95C}.Release|Any CPU.Build.0 = Release|Any CPU
	EndGlobalSection
	GlobalSection(SolutionProperties) = preSolution
		HideSolutionNode = FALSE
	EndGlobalSection
	GlobalSection(ExtensibilityGlobals) = postSolution
		SolutionGuid = {E7E31CF7-3320-432A-A78D-EF39764048AD}
	EndGlobalSection
EndGlobal
